# This file is automatically @generated by Cargo.
# It is not intended for manual editing.
version = 4

[[package]]
name = "cryptoxide"
version = "0.6.5"
source = "registry+https://github.com/rust-lang/crates.io-index"
checksum = "b8bb2a43afb0fd8b53101f79f153795c449ba80762361d8b868f4a75c6d03057"

[[package]]
name = "ed25519-bip32"
version = "0.5.0"
source = "git+https://github.com/typed-io/rust-ed25519-bip32?rev=2066bbfa011d26a5ea18cf4558240e9299bd0668#2066bbfa011d26a5ea18cf4558240e9299bd0668"
dependencies = [
 "cryptoxide",
]

[[package]]
name = "mc-ed25519-bip32-oracle"
version = "0.1.0"
dependencies = [
 "ed25519-bip32",
]
